
Microsoft Visual Studio Solution File, Format Version 12.00
# Visual Studio Version 17
VisualStudioVersion = 17.4.33403.182
MinimumVisualStudioVersion = 10.0.40219.1
Project("{FAE04EC0-301F-11D3-BF4B-00C04F79EFBC}") = "EmployeeWage", "EmployeeWage\EmployeeWage.csproj", "{99D94C45-0BA4-4897-947E-FF4CD22717D0}"
EndProject
Global
	GlobalSection(SolutionConfigurationPlatforms) = preSolution
		Debug|Any CPU = Debug|Any CPU
		Release|Any CPU = Release|Any CPU
	EndGlobalSection
	GlobalSection(ProjectConfigurationPlatforms) = postSolution
		{99D94C45-0BA4-4897-947E-FF4CD22717D0}.Debug|Any CPU.ActiveCfg = Debug|Any CPU
		{99D94C45-0BA4-4897-947E-FF4CD22717D0}.Debug|Any CPU.Build.0 = Debug|Any CPU
		{99D94C45-0BA4-4897-947E-FF4CD22717D0}.Release|Any CPU.ActiveCfg = Release|Any CPU
		{99D94C45-0BA4-4897-947E-FF4CD22717D0}.Release|Any CPU.Build.0 = Release|Any CPU
	EndGlobalSection
	GlobalSection(SolutionProperties) = preSolution
		HideSolutionNode = FALSE
	EndGlobalSection
	GlobalSection(ExtensibilityGlobals) = postSolution
		SolutionGuid = {6BCF5259-C6CB-46E5-BB20-A501DB7AA977}
	EndGlobalSection
EndGlobal
